
Microsoft Visual Studio Solution File, Format Version 12.00
# Visual Studio 15
VisualStudioVersion = 15.0.28307.168
MinimumVisualStudioVersion = 10.0.40219.1
Project("{FAE04EC0-301F-11D3-BF4B-00C04F79EFBC}") = "C0730065 Assignment4", "C0730065 Assignment4\C0730065 Assignment4.csproj", "{973EBFF2-D106-44FA-9200-D7C0E25FFEA6}"
EndProject
Global
	GlobalSection(SolutionConfigurationPlatforms) = preSolution
		Debug|Any CPU = Debug|Any CPU
		Release|Any CPU = Release|Any CPU
	EndGlobalSection
	GlobalSection(ProjectConfigurationPlatforms) = postSolution
		{973EBFF2-D106-44FA-9200-D7C0E25FFEA6}.Debug|Any CPU.ActiveCfg = Debug|Any CPU
		{973EBFF2-D106-44FA-9200-D7C0E25FFEA6}.Debug|Any CPU.Build.0 = Debug|Any CPU
		{973EBFF2-D106-44FA-9200-D7C0E25FFEA6}.Release|Any CPU.ActiveCfg = Release|Any CPU
		{973EBFF2-D106-44FA-9200-D7C0E25FFEA6}.Release|Any CPU.Build.0 = Release|Any CPU
	EndGlobalSection
	GlobalSection(SolutionProperties) = preSolution
		HideSolutionNode = FALSE
	EndGlobalSection
	GlobalSection(ExtensibilityGlobals) = postSolution
		SolutionGuid = {59C9FE54-11FD-4226-9517-D2A267D825F7}
	EndGlobalSection
EndGlobal
